
Microsoft Visual Studio Solution File, Format Version 12.00
Project("{FAE04EC0-301F-11D3-BF4B-00C04F79EFBC}") = "final_project_s32740", "final_project_s32740\final_project_s32740.csproj", "{28EAFAA1-0874-4997-9DFC-476CCAC9EFE5}"
EndProject
Global
	GlobalSection(SolutionConfigurationPlatforms) = preSolution
		Debug|Any CPU = Debug|Any CPU
		Release|Any CPU = Release|Any CPU
	EndGlobalSection
	GlobalSection(ProjectConfigurationPlatforms) = postSolution
		{28EAFAA1-0874-4997-9DFC-476CCAC9EFE5}.Debug|Any CPU.ActiveCfg = Debug|Any CPU
		{28EAFAA1-0874-4997-9DFC-476CCAC9EFE5}.Debug|Any CPU.Build.0 = Debug|Any CPU
		{28EAFAA1-0874-4997-9DFC-476CCAC9EFE5}.Release|Any CPU.ActiveCfg = Release|Any CPU
		{28EAFAA1-0874-4997-9DFC-476CCAC9EFE5}.Release|Any CPU.Build.0 = Release|Any CPU
	EndGlobalSection
EndGlobal
